
Microsoft Visual Studio Solution File, Format Version 12.00
# Visual Studio Version 16
VisualStudioVersion = 16.0.31515.178
MinimumVisualStudioVersion = 10.0.40219.1
Project("{FAE04EC0-301F-11D3-BF4B-00C04F79EFBC}") = "Paskaita3", "Paskaita3.csproj", "{D2D4F9A0-D39D-4C46-A0AC-696571C71D4E}"
EndProject
Global
	GlobalSection(SolutionConfigurationPlatforms) = preSolution
		Debug|Any CPU = Debug|Any CPU
		Release|Any CPU = Release|Any CPU
	EndGlobalSection
	GlobalSection(ProjectConfigurationPlatforms) = postSolution
		{D2D4F9A0-D39D-4C46-A0AC-696571C71D4E}.Debug|Any CPU.ActiveCfg = Debug|Any CPU
		{D2D4F9A0-D39D-4C46-A0AC-696571C71D4E}.Debug|Any CPU.Build.0 = Debug|Any CPU
		{D2D4F9A0-D39D-4C46-A0AC-696571C71D4E}.Release|Any CPU.ActiveCfg = Release|Any CPU
		{D2D4F9A0-D39D-4C46-A0AC-696571C71D4E}.Release|Any CPU.Build.0 = Release|Any CPU
	EndGlobalSection
	GlobalSection(SolutionProperties) = preSolution
		HideSolutionNode = FALSE
	EndGlobalSection
	GlobalSection(ExtensibilityGlobals) = postSolution
		SolutionGuid = {1AC60BBA-C295-41BB-AA07-6305647632A5}
	EndGlobalSection
EndGlobal
